
Microsoft Visual Studio Solution File, Format Version 12.00
# Visual Studio 15
VisualStudioVersion = 15.0.28307.572
MinimumVisualStudioVersion = 10.0.40219.1
Project("{FAE04EC0-301F-11D3-BF4B-00C04F79EFBC}") = "DT", "DT\DT.csproj", "{B4B2EE1D-6D5B-4D95-859E-D662C497E14F}"
EndProject
Global
	GlobalSection(SolutionConfigurationPlatforms) = preSolution
		Debug|Any CPU = Debug|Any CPU
		Release|Any CPU = Release|Any CPU
	EndGlobalSection
	GlobalSection(ProjectConfigurationPlatforms) = postSolution
		{B4B2EE1D-6D5B-4D95-859E-D662C497E14F}.Debug|Any CPU.ActiveCfg = Debug|Any CPU
		{B4B2EE1D-6D5B-4D95-859E-D662C497E14F}.Debug|Any CPU.Build.0 = Debug|Any CPU
		{B4B2EE1D-6D5B-4D95-859E-D662C497E14F}.Release|Any CPU.ActiveCfg = Release|Any CPU
		{B4B2EE1D-6D5B-4D95-859E-D662C497E14F}.Release|Any CPU.Build.0 = Release|Any CPU
	EndGlobalSection
	GlobalSection(SolutionProperties) = preSolution
		HideSolutionNode = FALSE
	EndGlobalSection
	GlobalSection(ExtensibilityGlobals) = postSolution
		SolutionGuid = {5B3576B5-E28A-45B9-B91B-64F744FC40E0}
	EndGlobalSection
EndGlobal
