
Microsoft Visual Studio Solution File, Format Version 12.00
# Visual Studio 15
VisualStudioVersion = 15.0.28307.902
MinimumVisualStudioVersion = 10.0.40219.1
Project("{FAE04EC0-301F-11D3-BF4B-00C04F79EFBC}") = "LD", "LD\LD.csproj", "{2AEB5174-0966-4C47-A63E-4B0627195E34}"
EndProject
Global
	GlobalSection(SolutionConfigurationPlatforms) = preSolution
		Debug|Any CPU = Debug|Any CPU
		Release|Any CPU = Release|Any CPU
	EndGlobalSection
	GlobalSection(ProjectConfigurationPlatforms) = postSolution
		{2AEB5174-0966-4C47-A63E-4B0627195E34}.Debug|Any CPU.ActiveCfg = Debug|Any CPU
		{2AEB5174-0966-4C47-A63E-4B0627195E34}.Debug|Any CPU.Build.0 = Debug|Any CPU
		{2AEB5174-0966-4C47-A63E-4B0627195E34}.Release|Any CPU.ActiveCfg = Release|Any CPU
		{2AEB5174-0966-4C47-A63E-4B0627195E34}.Release|Any CPU.Build.0 = Release|Any CPU
	EndGlobalSection
	GlobalSection(SolutionProperties) = preSolution
		HideSolutionNode = FALSE
	EndGlobalSection
	GlobalSection(ExtensibilityGlobals) = postSolution
		SolutionGuid = {A298C86C-B705-4C80-9925-2CFB9CA5992E}
	EndGlobalSection
EndGlobal
